
Microsoft Visual Studio Solution File, Format Version 12.00
# Visual Studio 14
VisualStudioVersion = 14.0.24720.0
MinimumVisualStudioVersion = 10.0.40219.1
Project("{FAE04EC0-301F-11D3-BF4B-00C04F79EFBC}") = "Remainer", "Remainer\Remainer.csproj", "{2384ADFD-34E8-43B9-9017-04AB9FB2E7D0}"
EndProject
Project("{FAE04EC0-301F-11D3-BF4B-00C04F79EFBC}") = "Remainer.Tests", "Remainer.Tests\Remainer.Tests.csproj", "{8577C85F-8253-4B2F-B872-8B9ABB4825A1}"
EndProject
Global
	GlobalSection(SolutionConfigurationPlatforms) = preSolution
		Debug|Any CPU = Debug|Any CPU
		Release|Any CPU = Release|Any CPU
	EndGlobalSection
	GlobalSection(ProjectConfigurationPlatforms) = postSolution
		{2384ADFD-34E8-43B9-9017-04AB9FB2E7D0}.Debug|Any CPU.ActiveCfg = Debug|Any CPU
		{2384ADFD-34E8-43B9-9017-04AB9FB2E7D0}.Debug|Any CPU.Build.0 = Debug|Any CPU
		{2384ADFD-34E8-43B9-9017-04AB9FB2E7D0}.Release|Any CPU.ActiveCfg = Release|Any CPU
		{2384ADFD-34E8-43B9-9017-04AB9FB2E7D0}.Release|Any CPU.Build.0 = Release|Any CPU
		{8577C85F-8253-4B2F-B872-8B9ABB4825A1}.Debug|Any CPU.ActiveCfg = Debug|Any CPU
		{8577C85F-8253-4B2F-B872-8B9ABB4825A1}.Debug|Any CPU.Build.0 = Debug|Any CPU
		{8577C85F-8253-4B2F-B872-8B9ABB4825A1}.Release|Any CPU.ActiveCfg = Release|Any CPU
		{8577C85F-8253-4B2F-B872-8B9ABB4825A1}.Release|Any CPU.Build.0 = Release|Any CPU
	EndGlobalSection
	GlobalSection(SolutionProperties) = preSolution
		HideSolutionNode = FALSE
	EndGlobalSection
EndGlobal
